// !$*UTF8*$!
{
	archiveVersion = 1;
	classes = {
	};
	objectVersion = 50;
	objects = {

/* Begin PBXBuildFile section */
		4041C2B1210AECC6006EF627 /* AppDelegate.swift in Sources */ = {isa = PBXBuildFile; fileRef = 4041C2B0210AECC6006EF627 /* AppDelegate.swift */; };
		4041C2B3210AECC6006EF627 /* ViewController.swift in Sources */ = {isa = PBXBuildFile; fileRef = 4041C2B2210AECC6006EF627 /* ViewController.swift */; };
		4041C2B6210AECC6006EF627 /* Main.storyboard in Resources */ = {isa = PBXBuildFile; fileRef = 4041C2B4210AECC6006EF627 /* Main.storyboard */; };
		4041C2B8210AECC8006EF627 /* Assets.xcassets in Resources */ = {isa = PBXBuildFile; fileRef = 4041C2B7210AECC8006EF627 /* Assets.xcassets */; };
		4041C2BB210AECC8006EF627 /* LaunchScreen.storyboard in Resources */ = {isa = PBXBuildFile; fileRef = 4041C2B9210AECC8006EF627 /* LaunchScreen.storyboard */; };
		4041C2C3210AED6A006EF627 /* Starscream.framework in Frameworks */ = {isa = PBXBuildFile; fileRef = 4041C2C2210AED6A006EF627 /* Starscream.framework */; };
		BBB09A227E0923BA060B713C /* Pods_SampleWebSocket.framework in Frameworks */ = {isa = PBXBuildFile; fileRef = BAD84C915F183389978300D3 /* Pods_SampleWebSocket.framework */; };
/* End PBXBuildFile section */

/* Begin PBXFileReference section */
		38035D39AA2C003F010A38F4 /* Pods-SampleWebSocket.debug.xcconfig */ = {isa = PBXFileReference; includeInIndex = 1; lastKnownFileType = text.xcconfig; name = "Pods-SampleWebSocket.debug.xcconfig"; path = "Pods/Target Support Files/Pods-SampleWebSocket/Pods-SampleWebSocket.debug.xcconfig"; sourceTree = "<group>"; };
		4041C2AD210AECC6006EF627 /* SampleWebSocket.app */ = {isa = PBXFileReference; explicitFileType = wrapper.application; includeInIndex = 0; path = SampleWebSocket.app; sourceTree = BUILT_PRODUCTS_DIR; };
		4041C2B0210AECC6006EF627 /* AppDelegate.swift */ = {isa = PBXFileReference; lastKnownFileType = sourcecode.swift; path = AppDelegate.swift; sourceTree = "<group>"; };
		4041C2B2210AECC6006EF627 /* ViewController.swift */ = {isa = PBXFileReference; lastKnownFileType = sourcecode.swift; path = ViewController.swift; sourceTree = "<group>"; };
		4041C2B5210AECC6006EF627 /* Base */ = {isa = PBXFileReference; lastKnownFileType = file.storyboard; name = Base; path = Base.lproj/Main.storyboard; sourceTree = "<group>"; };
		4041C2B7210AECC8006EF627 /* Assets.xcassets */ = {isa = PBXFileReference; lastKnownFileType = folder.assetcatalog; path = Assets.xcassets; sourceTree = "<group>"; };
		4041C2BA210AECC8006EF627 /* Base */ = {isa = PBXFileReference; lastKnownFileType = file.storyboard; name = Base; path = Base.lproj/LaunchScreen.storyboard; sourceTree = "<group>"; };
		4041C2BC210AECC8006EF627 /* Info.plist */ = {isa = PBXFileReference; lastKnownFileType = text.plist.xml; path = Info.plist; sourceTree = "<group>"; };
		4041C2C2210AED6A006EF627 /* Starscream.framework */ = {isa = PBXFileReference; explicitFileType = wrapper.framework; path = Starscream.framework; sourceTree = BUILT_PRODUCTS_DIR; };
		4041C2C6210B0EEB006EF627 /* SocketIO.framework */ = {isa = PBXFileReference; explicitFileType = wrapper.framework; path = SocketIO.framework; sourceTree = BUILT_PRODUCTS_DIR; };
		BAD84C915F183389978300D3 /* Pods_SampleWebSocket.framework */ = {isa = PBXFileReference; explicitFileType = wrapper.framework; includeInIndex = 0; path = Pods_SampleWebSocket.framework; sourceTree = BUILT_PRODUCTS_DIR; };
		BEBED6731F6D6CD8C78A44FE /* Pods-SampleWebSocket.release.xcconfig */ = {isa = PBXFileReference; includeInIndex = 1; lastKnownFileType = text.xcconfig; name = "Pods-SampleWebSocket.release.xcconfig"; path = "Pods/Target Support Files/Pods-SampleWebSocket/Pods-SampleWebSocket.release.xcconfig"; sourceTree = "<group>"; };
/* End PBXFileReference section */

/* Begin PBXFrameworksBuildPhase section */
		4041C2AA210AECC6006EF627 /* Frameworks */ = {
			isa = PBXFrameworksBuildPhase;
			buildActionMask = 2147483647;
			files = (
				4041C2C3210AED6A006EF627 /* Starscream.framework in Frameworks */,
				BBB09A227E0923BA060B713C /* Pods_SampleWebSocket.framework in Frameworks */,
			);
			runOnlyForDeploymentPostprocessing = 0;
		};
/* End PBXFrameworksBuildPhase section */

/* Begin PBXGroup section */
		326618F003AA0413856B06B3 /* Frameworks */ = {
			isa = PBXGroup;
			children = (
				4041C2C6210B0EEB006EF627 /* SocketIO.framework */,
				4041C2C2210AED6A006EF627 /* Starscream.framework */,
				BAD84C915F183389978300D3 /* Pods_SampleWebSocket.framework */,
			);
			name = Frameworks;
			sourceTree = "<group>";
		};
		4041C2A4210AECC5006EF627 = {
			isa = PBXGroup;
			children = (
				4041C2AF210AECC6006EF627 /* SampleWebSocket */,
				4041C2AE210AECC6006EF627 /* Products */,
				63D0C45D93980DCCA0B6F645 /* Pods */,
				326618F003AA0413856B06B3 /* Frameworks */,
			);
			sourceTree = "<group>";
		};
		4041C2AE210AECC6006EF627 /* Products */ = {
			isa = PBXGroup;
			children = (
				4041C2AD210AECC6006EF627 /* SampleWebSocket.app */,
			);
			name = Products;
			sourceTree = "<group>";
		};
		4041C2AF210AECC6006EF627 /* SampleWebSocket */ = {
			isa = PBXGroup;
			children = (
				4041C2B0210AECC6006EF627 /* AppDelegate.swift */,
				4041C2B2210AECC6006EF627 /* ViewController.swift */,
				4041C2B4210AECC6006EF627 /* Main.storyboard */,
				4041C2B7210AECC8006EF627 /* Assets.xcassets */,
				4041C2B9210AECC8006EF627 /* LaunchScreen.storyboard */,
				4041C2BC210AECC8006EF627 /* Info.plist */,
			);
			path = SampleWebSocket;
			sourceTree = "<group>";
		};
		63D0C45D93980DCCA0B6F645 /* Pods */ = {
			isa = PBXGroup;
			children = (
				38035D39AA2C003F010A38F4 /* Pods-SampleWebSocket.debug.xcconfig */,
				BEBED6731F6D6CD8C78A44FE /* Pods-SampleWebSocket.release.xcconfig */,
			);
			name = Pods;
			sourceTree = "<group>";
		};
/* End PBXGroup section */

/* Begin PBXNativeTarget section */
		4041C2AC210AECC6006EF627 /* SampleWebSocket */ = {
			isa = PBXNativeTarget;
			buildConfigurationList = 4041C2BF210AECC8006EF627 /* Build configuration list for PBXNativeTarget "SampleWebSocket" */;
			buildPhases = (
				935AA6907C23FF40BA5D7B6D /* [CP] Check Pods Manifest.lock */,
				4041C2A9210AECC6006EF627 /* Sources */,
				4041C2AA210AECC6006EF627 /* Frameworks */,
				4041C2AB210AECC6006EF627 /* Resources */,
				A92B6A18555656EC6BD92EFF /* [CP] Embed Pods Frameworks */,
			);
			buildRules = (
			);
			dependencies = (
			);
			name = SampleWebSocket;
			productName = SampleWebSocket;
			productReference = 4041C2AD210AECC6006EF627 /* SampleWebSocket.app */;
			productType = "com.apple.product-type.application";
		};
/* End PBXNativeTarget section */

/* Begin PBXProject section */
		4041C2A5210AECC5006EF627 /* Project object */ = {
			isa = PBXProject;
			attributes = {
				LastSwiftUpdateCheck = 0940;
				LastUpgradeCheck = 0940;
				ORGANIZATIONNAME = "Ravikiran Pathade";
				TargetAttributes = {
					4041C2AC210AECC6006EF627 = {
						CreatedOnToolsVersion = 9.4.1;
					};
				};
			};
			buildConfigurationList = 4041C2A8210AECC5006EF627 /* Build configuration list for PBXProject "SampleWebSocket" */;
			compatibilityVersion = "Xcode 9.3";
			developmentRegion = en;
			hasScannedForEncodings = 0;
			knownRegions = (
				en,
				Base,
			);
			mainGroup = 4041C2A4210AECC5006EF627;
			productRefGroup = 4041C2AE210AECC6006EF627 /* Products */;
			projectDirPath = "";
			projectRoot = "";
			targets = (
				4041C2AC210AECC6006EF627 /* SampleWebSocket */,
			);
		};
/* End PBXProject section */

/* Begin PBXResourcesBuildPhase section */
		4041C2AB210AECC6006EF627 /* Resources */ = {
			isa = PBXResourcesBuildPhase;
			buildActionMask = 2147483647;
			files = (
				4041C2BB210AECC8006EF627 /* LaunchScreen.storyboard in Resources */,
				4041C2B8210AECC8006EF627 /* Assets.xcassets in Resources */,
				4041C2B6210AECC6006EF627 /* Main.storyboard in Resources */,
			);
			runOnlyForDeploymentPostprocessing = 0;
		};
/* End PBXResourcesBuildPhase section */

/* Begin PBXShellScriptBuildPhase section */
		935AA6907C23FF40BA5D7B6D /* [CP] Check Pods Manifest.lock */ = {
			isa = PBXShellScriptBuildPhase;
			buildActionMask = 2147483647;
			files = (
			);
			inputPaths = (
				"${PODS_PODFILE_DIR_PATH}/Podfile.lock",
				"${PODS_ROOT}/Manifest.lock",
			);
			name = "[CP] Check Pods Manifest.lock";
			outputPaths = (
				"$(DERIVED_FILE_DIR)/Pods-SampleWebSocket-checkManifestLockResult.txt",
			);
			runOnlyForDeploymentPostprocessing = 0;
			shellPath = /bin/sh;
			shellScript = "diff \"${PODS_PODFILE_DIR_PATH}/Podfile.lock\" \"${PODS_ROOT}/Manifest.lock\" > /dev/null\nif [ $? != 0 ] ; then\n    # print error to STDERR\n    echo \"error: The sandbox is not in sync with the Podfile.lock. Run 'pod install' or update your CocoaPods installation.\" >&2\n    exit 1\nfi\n# This output is used by Xcode 'outputs' to avoid re-running this script phase.\necho \"SUCCESS\" > \"${SCRIPT_OUTPUT_FILE_0}\"\n";
			showEnvVarsInLog = 0;
		};
		A92B6A18555656EC6BD92EFF /* [CP] Embed Pods Frameworks */ = {
			isa = PBXShellScriptBuildPhase;
			buildActionMask = 2147483647;
			files = (
			);
			inputPaths = (
				"${SRCROOT}/Pods/Target Support Files/Pods-SampleWebSocket/Pods-SampleWebSocket-frameworks.sh",
				"${BUILT_PRODUCTS_DIR}/Starscream/Starscream.framework",
			);
			name = "[CP] Embed Pods Frameworks";
			outputPaths = (
				"${TARGET_BUILD_DIR}/${FRAMEWORKS_FOLDER_PATH}/Starscream.framework",
			);
			runOnlyForDeploymentPostprocessing = 0;
			shellPath = /bin/sh;
			shellScript = "\"${SRCROOT}/Pods/Target Support Files/Pods-SampleWebSocket/Pods-SampleWebSocket-frameworks.sh\"\n";
			showEnvVarsInLog = 0;
		};
/* End PBXShellScriptBuildPhase section */

/* Begin PBXSourcesBuildPhase section */
		4041C2A9210AECC6006EF627 /* Sources */ = {
			isa = PBXSourcesBuildPhase;
			buildActionMask = 2147483647;
			files = (
				4041C2B3210AECC6006EF627 /* ViewController.swift in Sources */,
				4041C2B1210AECC6006EF627 /* AppDelegate.swift in Sources */,
			);
			runOnlyForDeploymentPostprocessing = 0;
		};
/* End PBXSourcesBuildPhase section */

/* Begin PBXVariantGroup section */
		4041C2B4210AECC6006EF627 /* Main.storyboard */ = {
			isa = PBXVariantGroup;
			children = (
				4041C2B5210AECC6006EF627 /* Base */,
			);
			name = Main.storyboard;
			sourceTree = "<group>";
		};
		4041C2B9210AECC8006EF627 /* LaunchScreen.storyboard */ = {
			isa = PBXVariantGroup;
			children = (
				4041C2BA210AECC8006EF627 /* Base */,
			);
			name = LaunchScreen.storyboard;
			sourceTree = "<group>";
		};
/* End PBXVariantGroup section */

/* Begin XCBuildConfiguration section */
		4041C2BD210AECC8006EF627 /* Debug */ = {
			isa = XCBuildConfiguration;
			buildSettings = {
				ALWAYS_SEARCH_USER_PATHS = NO;
				CLANG_ANALYZER_NONNULL = YES;
				CLANG_ANALYZER_NUMBER_OBJECT_CONVERSION = YES_AGGRESSIVE;
				CLANG_CXX_LANGUAGE_STANDARD = "gnu++14";
				CLANG_CXX_LIBRARY = "libc++";
				CLANG_ENABLE_MODULES = YES;
				CLANG_ENABLE_OBJC_ARC = YES;
				CLANG_ENABLE_OBJC_WEAK = YES;
				CLANG_WARN_BLOCK_CAPTURE_AUTORELEASING = YES;
				CLANG_WARN_BOOL_CONVERSION = YES;
				CLANG_WARN_COMMA = YES;
				CLANG_WARN_CONSTANT_CONVERSION = YES;
				CLANG_WARN_DEPRECATED_OBJC_IMPLEMENTATIONS = YES;
				CLANG_WARN_DIRECT_OBJC_ISA_USAGE = YES_ERROR;
				CLANG_WARN_DOCUMENTATION_COMMENTS = YES;
				CLANG_WARN_EMPTY_BODY = YES;
				CLANG_WARN_ENUM_CONVERSION = YES;
				CLANG_WARN_INFINITE_RECURSION = YES;
				CLANG_WARN_INT_CONVERSION = YES;
				CLANG_WARN_NON_LITERAL_NULL_CONVERSION = YES;
				CLANG_WARN_OBJC_IMPLICIT_RETAIN_SELF = YES;
				CLANG_WARN_OBJC_LITERAL_CONVERSION = YES;
				CLANG_WARN_OBJC_ROOT_CLASS = YES_ERROR;
				CLANG_WARN_RANGE_LOOP_ANALYSIS = YES;
				CLANG_WARN_STRICT_PROTOTYPES = YES;
				CLANG_WARN_SUSPICIOUS_MOVE = YES;
				CLANG_WARN_UNGUARDED_AVAILABILITY = YES_AGGRESSIVE;
				CLANG_WARN_UNREACHABLE_CODE = YES;
				CLANG_WARN__DUPLICATE_METHOD_MATCH = YES;
				CODE_SIGN_IDENTITY = "iPhone Developer";
				COPY_PHASE_STRIP = NO;
				DEBUG_INFORMATION_FORMAT = dwarf;
				ENABLE_STRICT_OBJC_MSGSEND = YES;
				ENABLE_TESTABILITY = YES;
				GCC_C_LANGUAGE_STANDARD = gnu11;
				GCC_DYNAMIC_NO_PIC = NO;
				GCC_NO_COMMON_BLOCKS = YES;
				GCC_OPTIMIZATION_LEVEL = 0;
				GCC_PREPROCESSOR_DEFINITIONS = (
					"DEBUG=1",
					"$(inherited)",
				);
				GCC_WARN_64_TO_32_BIT_CONVERSION = YES;
				GCC_WARN_ABOUT_RETURN_TYPE = YES_ERROR;
				GCC_WARN_UNDECLARED_SELECTOR = YES;
				GCC_WARN_UNINITIALIZED_AUTOS = YES_AGGRESSIVE;
				GCC_WARN_UNUSED_FUNCTION = YES;
				GCC_WARN_UNUSED_VARIABLE = YES;
				IPHONEOS_DEPLOYMENT_TARGET = 11.4;
				MTL_ENABLE_DEBUG_INFO = YES;
				ONLY_ACTIVE_ARCH = YES;
				SDKROOT = iphoneos;
				SWIFT_ACTIVE_COMPILATION_CONDITIONS = DEBUG;
				SWIFT_OPTIMIZATION_LEVEL = "-Onone";
			};
			name = Debug;
		};
		4041C2BE210AECC8006EF627 /* Release */ = {
			isa = XCBuildConfiguration;
			buildSettings = {
				ALWAYS_SEARCH_USER_PATHS = NO;
				CLANG_ANALYZER_NONNULL = YES;
				CLANG_ANALYZER_NUMBER_OBJECT_CONVERSION = YES_AGGRESSIVE;
				CLANG_CXX_LANGUAGE_STANDARD = "gnu++14";
				CLANG_CXX_LIBRARY = "libc++";
				CLANG_ENABLE_MODULES = YES;
				CLANG_ENABLE_OBJC_ARC = YES;
				CLANG_ENABLE_OBJC_WEAK = YES;
				CLANG_WARN_BLOCK_CAPTURE_AUTORELEASING = YES;
				CLANG_WARN_BOOL_CONVERSION = YES;
				CLANG_WARN_COMMA = YES;
				CLANG_WARN_CONSTANT_CONVERSION = YES;
				CLANG_WARN_DEPRECATED_OBJC_IMPLEMENTATIONS = YES;
				CLANG_WARN_DIRECT_OBJC_ISA_USAGE = YES_ERROR;
				CLANG_WARN_DOCUMENTATION_COMMENTS = YES;
				CLANG_WARN_EMPTY_BODY = YES;
				CLANG_WARN_ENUM_CONVERSION = YES;
				CLANG_WARN_INFINITE_RECURSION = YES;
				CLANG_WARN_INT_CONVERSION = YES;
				CLANG_WARN_NON_LITERAL_NULL_CONVERSION = YES;
				CLANG_WARN_OBJC_IMPLICIT_RETAIN_SELF = YES;
				CLANG_WARN_OBJC_LITERAL_CONVERSION = YES;
				CLANG_WARN_OBJC_ROOT_CLASS = YES_ERROR;
				CLANG_WARN_RANGE_LOOP_ANALYSIS = YES;
				CLANG_WARN_STRICT_PROTOTYPES = YES;
				CLANG_WARN_SUSPICIOUS_MOVE = YES;
				CLANG_WARN_UNGUARDED_AVAILABILITY = YES_AGGRESSIVE;
				CLANG_WARN_UNREACHABLE_CODE = YES;
				CLANG_WARN__DUPLICATE_METHOD_MATCH = YES;
				CODE_SIGN_IDENTITY = "iPhone Developer";
				COPY_PHASE_STRIP = NO;
				DEBUG_INFORMATION_FORMAT = "dwarf-with-dsym";
				ENABLE_NS_ASSERTIONS = NO;
				ENABLE_STRICT_OBJC_MSGSEND = YES;
				GCC_C_LANGUAGE_STANDARD = gnu11;
				GCC_NO_COMMON_BLOCKS = YES;
				GCC_WARN_64_TO_32_BIT_CONVERSION = YES;
				GCC_WARN_ABOUT_RETURN_TYPE = YES_ERROR;
				GCC_WARN_UNDECLARED_SELECTOR = YES;
				GCC_WARN_UNINITIALIZED_AUTOS = YES_AGGRESSIVE;
				GCC_WARN_UNUSED_FUNCTION = YES;
				GCC_WARN_UNUSED_VARIABLE = YES;
				IPHONEOS_DEPLOYMENT_TARGET = 11.4;
				MTL_ENABLE_DEBUG_INFO = NO;
				SDKROOT = iphoneos;
				SWIFT_COMPILATION_MODE = wholemodule;
				SWIFT_OPTIMIZATION_LEVEL = "-O";
				VALIDATE_PRODUCT = YES;
			};
			name = Release;
		};
		4041C2C0210AECC8006EF627 /* Debug */ = {
			isa = XCBuildConfiguration;
			baseConfigurationReference = 38035D39AA2C003F010A38F4 /* Pods-SampleWebSocket.debug.xcconfig */;
			buildSettings = {
				ASSETCATALOG_COMPILER_APPICON_NAME = AppIcon;
				CODE_SIGN_STYLE = Automatic;
				DEVELOPMENT_TEAM = VRZW89MF7Y;
				INFOPLIST_FILE = SampleWebSocket/Info.plist;
				LD_RUNPATH_SEARCH_PATHS = (
					"$(inherited)",
					"@executable_path/Frameworks",
				);
				PRODUCT_BUNDLE_IDENTIFIER = com.rpathadeapps.example.SampleWebSocket;
				PRODUCT_NAME = "$(TARGET_NAME)";
				SWIFT_VERSION = 4.0;
				TARGETED_DEVICE_FAMILY = "1,2";
			};
			name = Debug;
		};
		4041C2C1210AECC8006EF627 /* Release */ = {
			isa = XCBuildConfiguration;
			baseConfigurationReference = BEBED6731F6D6CD8C78A44FE /* Pods-SampleWebSocket.release.xcconfig */;
			buildSettings = {
				ASSETCATALOG_COMPILER_APPICON_NAME = AppIcon;
				CODE_SIGN_STYLE = Automatic;
				DEVELOPMENT_TEAM = VRZW89MF7Y;
				INFOPLIST_FILE = SampleWebSocket/Info.plist;
				LD_RUNPATH_SEARCH_PATHS = (
					"$(inherited)",
					"@executable_path/Frameworks",
				);
				PRODUCT_BUNDLE_IDENTIFIER = com.rpathadeapps.example.SampleWebSocket;
				PRODUCT_NAME = "$(TARGET_NAME)";
				SWIFT_VERSION = 4.0;
				TARGETED_DEVICE_FAMILY = "1,2";
			};
			name = Release;
		};
/* End XCBuildConfiguration section */

/* Begin XCConfigurationList section */
		4041C2A8210AECC5006EF627 /* Build configuration list for PBXProject "SampleWebSocket" */ = {
			isa = XCConfigurationList;
			buildConfigurations = (
				4041C2BD210AECC8006EF627 /* Debug */,
				4041C2BE210AECC8006EF627 /* Release */,
			);
			defaultConfigurationIsVisible = 0;
			defaultConfigurationName = Release;
		};
		4041C2BF210AECC8006EF627 /* Build configuration list for PBXNativeTarget "SampleWebSocket" */ = {
			isa = XCConfigurationList;
			buildConfigurations = (
				4041C2C0210AECC8006EF627 /* Debug */,
				4041C2C1210AECC8006EF627 /* Release */,
			);
			defaultConfigurationIsVisible = 0;
			defaultConfigurationName = Release;
		};
/* End XCConfigurationList section */
	};
	rootObject = 4041C2A5210AECC5006EF627 /* Project object */;
}
